
Microsoft Visual Studio Solution File, Format Version 12.00
# Visual Studio Version 16
VisualStudioVersion = 16.0.30114.105
MinimumVisualStudioVersion = 10.0.40219.1
Project("{FAE04EC0-301F-11D3-BF4B-00C04F79EFBC}") = "CrmBL", "CrmBL\CrmBL.csproj", "{D155A2C8-C64D-484C-BE03-A1F8954A2349}"
EndProject
Project("{FAE04EC0-301F-11D3-BF4B-00C04F79EFBC}") = "CrmUi", "CrmUi\CrmUi.csproj", "{A8E24CA6-E671-44E6-9C54-709E8C0F9FF0}"
EndProject
Project("{FAE04EC0-301F-11D3-BF4B-00C04F79EFBC}") = "CrmBLTests", "CrmBLTests\CrmBLTests.csproj", "{DF99827D-81EB-45B9-85B6-0BE00F3115D1}"
EndProject
Global
	GlobalSection(SolutionConfigurationPlatforms) = preSolution
		Debug|Any CPU = Debug|Any CPU
		Release|Any CPU = Release|Any CPU
	EndGlobalSection
	GlobalSection(ProjectConfigurationPlatforms) = postSolution
		{D155A2C8-C64D-484C-BE03-A1F8954A2349}.Debug|Any CPU.ActiveCfg = Debug|Any CPU
		{D155A2C8-C64D-484C-BE03-A1F8954A2349}.Debug|Any CPU.Build.0 = Debug|Any CPU
		{D155A2C8-C64D-484C-BE03-A1F8954A2349}.Release|Any CPU.ActiveCfg = Release|Any CPU
		{D155A2C8-C64D-484C-BE03-A1F8954A2349}.Release|Any CPU.Build.0 = Release|Any CPU
		{A8E24CA6-E671-44E6-9C54-709E8C0F9FF0}.Debug|Any CPU.ActiveCfg = Debug|Any CPU
		{A8E24CA6-E671-44E6-9C54-709E8C0F9FF0}.Debug|Any CPU.Build.0 = Debug|Any CPU
		{A8E24CA6-E671-44E6-9C54-709E8C0F9FF0}.Release|Any CPU.ActiveCfg = Release|Any CPU
		{A8E24CA6-E671-44E6-9C54-709E8C0F9FF0}.Release|Any CPU.Build.0 = Release|Any CPU
		{DF99827D-81EB-45B9-85B6-0BE00F3115D1}.Debug|Any CPU.ActiveCfg = Debug|Any CPU
		{DF99827D-81EB-45B9-85B6-0BE00F3115D1}.Debug|Any CPU.Build.0 = Debug|Any CPU
		{DF99827D-81EB-45B9-85B6-0BE00F3115D1}.Release|Any CPU.ActiveCfg = Release|Any CPU
		{DF99827D-81EB-45B9-85B6-0BE00F3115D1}.Release|Any CPU.Build.0 = Release|Any CPU
	EndGlobalSection
	GlobalSection(SolutionProperties) = preSolution
		HideSolutionNode = FALSE
	EndGlobalSection
	GlobalSection(ExtensibilityGlobals) = postSolution
		SolutionGuid = {E20B08D9-3D6B-4E40-A149-B9E995943FCB}
	EndGlobalSection
EndGlobal
